
Microsoft Visual Studio Solution File, Format Version 12.00
# Visual Studio Version 17
VisualStudioVersion = 17.8.34525.116
MinimumVisualStudioVersion = 10.0.40219.1
Project("{FAE04EC0-301F-11D3-BF4B-00C04F79EFBC}") = "nArchitecture", "nArchitecture\nArchitecture.csproj", "{4B9A630A-E0DD-44A0-ACDF-2F8F58296407}"
EndProject
Project("{2150E333-8FDC-42A3-9474-1A3956D46DE8}") = "RentACar", "RentACar", "{436EE0CD-2F87-4E51-AB91-4F4B45E4CF03}"
EndProject
Project("{FAE04EC0-301F-11D3-BF4B-00C04F79EFBC}") = "Application", "src\RentACar\Application\Application.csproj", "{90015FF3-20B3-4AAB-B99D-CCCC96C62DA4}"
EndProject
Project("{FAE04EC0-301F-11D3-BF4B-00C04F79EFBC}") = "Domain", "src\RentACar\Domain\Domain.csproj", "{1971BD2A-7B23-4A61-9A83-6D924E2EFDF4}"
EndProject
Project("{FAE04EC0-301F-11D3-BF4B-00C04F79EFBC}") = "Infrastructure", "Infrastructure\Infrastructure.csproj", "{AA8DD8BE-81AB-441C-A216-4A494E3F457E}"
EndProject
Project("{FAE04EC0-301F-11D3-BF4B-00C04F79EFBC}") = "Persistence", "src\RentACar\Persistence\Persistence.csproj", "{5D4943A4-F4DA-4F1F-A274-0E57AA6F8C17}"
EndProject
Project("{FAE04EC0-301F-11D3-BF4B-00C04F79EFBC}") = "WebAPI", "src\RentACar\WebAPI\WebAPI.csproj", "{B0950326-C9E9-4B8A-8670-C3C125497C38}"
EndProject
Global
	GlobalSection(SolutionConfigurationPlatforms) = preSolution
		Debug|Any CPU = Debug|Any CPU
		Release|Any CPU = Release|Any CPU
	EndGlobalSection
	GlobalSection(ProjectConfigurationPlatforms) = postSolution
		{4B9A630A-E0DD-44A0-ACDF-2F8F58296407}.Debug|Any CPU.ActiveCfg = Debug|Any CPU
		{4B9A630A-E0DD-44A0-ACDF-2F8F58296407}.Debug|Any CPU.Build.0 = Debug|Any CPU
		{4B9A630A-E0DD-44A0-ACDF-2F8F58296407}.Release|Any CPU.ActiveCfg = Release|Any CPU
		{4B9A630A-E0DD-44A0-ACDF-2F8F58296407}.Release|Any CPU.Build.0 = Release|Any CPU
		{90015FF3-20B3-4AAB-B99D-CCCC96C62DA4}.Debug|Any CPU.ActiveCfg = Debug|Any CPU
		{90015FF3-20B3-4AAB-B99D-CCCC96C62DA4}.Debug|Any CPU.Build.0 = Debug|Any CPU
		{90015FF3-20B3-4AAB-B99D-CCCC96C62DA4}.Release|Any CPU.ActiveCfg = Release|Any CPU
		{90015FF3-20B3-4AAB-B99D-CCCC96C62DA4}.Release|Any CPU.Build.0 = Release|Any CPU
		{1971BD2A-7B23-4A61-9A83-6D924E2EFDF4}.Debug|Any CPU.ActiveCfg = Debug|Any CPU
		{1971BD2A-7B23-4A61-9A83-6D924E2EFDF4}.Debug|Any CPU.Build.0 = Debug|Any CPU
		{1971BD2A-7B23-4A61-9A83-6D924E2EFDF4}.Release|Any CPU.ActiveCfg = Release|Any CPU
		{1971BD2A-7B23-4A61-9A83-6D924E2EFDF4}.Release|Any CPU.Build.0 = Release|Any CPU
		{AA8DD8BE-81AB-441C-A216-4A494E3F457E}.Debug|Any CPU.ActiveCfg = Debug|Any CPU
		{AA8DD8BE-81AB-441C-A216-4A494E3F457E}.Debug|Any CPU.Build.0 = Debug|Any CPU
		{AA8DD8BE-81AB-441C-A216-4A494E3F457E}.Release|Any CPU.ActiveCfg = Release|Any CPU
		{AA8DD8BE-81AB-441C-A216-4A494E3F457E}.Release|Any CPU.Build.0 = Release|Any CPU
		{5D4943A4-F4DA-4F1F-A274-0E57AA6F8C17}.Debug|Any CPU.ActiveCfg = Debug|Any CPU
		{5D4943A4-F4DA-4F1F-A274-0E57AA6F8C17}.Debug|Any CPU.Build.0 = Debug|Any CPU
		{5D4943A4-F4DA-4F1F-A274-0E57AA6F8C17}.Release|Any CPU.ActiveCfg = Release|Any CPU
		{5D4943A4-F4DA-4F1F-A274-0E57AA6F8C17}.Release|Any CPU.Build.0 = Release|Any CPU
		{B0950326-C9E9-4B8A-8670-C3C125497C38}.Debug|Any CPU.ActiveCfg = Debug|Any CPU
		{B0950326-C9E9-4B8A-8670-C3C125497C38}.Debug|Any CPU.Build.0 = Debug|Any CPU
		{B0950326-C9E9-4B8A-8670-C3C125497C38}.Release|Any CPU.ActiveCfg = Release|Any CPU
		{B0950326-C9E9-4B8A-8670-C3C125497C38}.Release|Any CPU.Build.0 = Release|Any CPU
	EndGlobalSection
	GlobalSection(SolutionProperties) = preSolution
		HideSolutionNode = FALSE
	EndGlobalSection
	GlobalSection(NestedProjects) = preSolution
		{90015FF3-20B3-4AAB-B99D-CCCC96C62DA4} = {436EE0CD-2F87-4E51-AB91-4F4B45E4CF03}
		{1971BD2A-7B23-4A61-9A83-6D924E2EFDF4} = {436EE0CD-2F87-4E51-AB91-4F4B45E4CF03}
		{AA8DD8BE-81AB-441C-A216-4A494E3F457E} = {436EE0CD-2F87-4E51-AB91-4F4B45E4CF03}
		{5D4943A4-F4DA-4F1F-A274-0E57AA6F8C17} = {436EE0CD-2F87-4E51-AB91-4F4B45E4CF03}
		{B0950326-C9E9-4B8A-8670-C3C125497C38} = {436EE0CD-2F87-4E51-AB91-4F4B45E4CF03}
	EndGlobalSection
	GlobalSection(ExtensibilityGlobals) = postSolution
		SolutionGuid = {E7695E1B-8594-439F-A93C-A1514D513277}
	EndGlobalSection
EndGlobal
